Microsoft Visual Studio Solution File, Format Version 12.00
# Visual Studio Version 17
VisualStudioVersion = 17.5.2.0
MinimumVisualStudioVersion = 10.0.40219.1
Project("{FAE04EC0-301F-11D3-BF4B-00C04F79EFBC}") = "Repository_Pattern", "Repository_Pattern.csproj", "{F6C9C99F-AEF2-6652-6AC4-23F0BA065748}"
EndProject
Global
	GlobalSection(SolutionConfigurationPlatforms) = preSolution
		Debug|Any CPU = Debug|Any CPU
		Release|Any CPU = Release|Any CPU
	EndGlobalSection
	GlobalSection(ProjectConfigurationPlatforms) = postSolution
		{F6C9C99F-AEF2-6652-6AC4-23F0BA065748}.Debug|Any CPU.ActiveCfg = Debug|Any CPU
		{F6C9C99F-AEF2-6652-6AC4-23F0BA065748}.Debug|Any CPU.Build.0 = Debug|Any CPU
		{F6C9C99F-AEF2-6652-6AC4-23F0BA065748}.Release|Any CPU.ActiveCfg = Release|Any CPU
		{F6C9C99F-AEF2-6652-6AC4-23F0BA065748}.Release|Any CPU.Build.0 = Release|Any CPU
	EndGlobalSection
	GlobalSection(SolutionProperties) = preSolution
		HideSolutionNode = FALSE
	EndGlobalSection
	GlobalSection(ExtensibilityGlobals) = postSolution
		SolutionGuid = {3FFA41E6-B40D-4F66-9CDF-DCDF6AF8AFED}
	EndGlobalSection
EndGlobal
