Microsoft Visual Studio Solution File, Format Version 12.00
# Visual Studio Version 17
VisualStudioVersion = 17.5.2.0
MinimumVisualStudioVersion = 10.0.40219.1
Project("{FAE04EC0-301F-11D3-BF4B-00C04F79EFBC}") = "EfCoreCacheAsidedemo", "EfCoreCacheAsidedemo.csproj", "{3A867A58-89FE-8CEB-5810-8DCAA024A06E}"
EndProject
Global
	GlobalSection(SolutionConfigurationPlatforms) = preSolution
		Debug|Any CPU = Debug|Any CPU
		Release|Any CPU = Release|Any CPU
	EndGlobalSection
	GlobalSection(ProjectConfigurationPlatforms) = postSolution
		{3A867A58-89FE-8CEB-5810-8DCAA024A06E}.Debug|Any CPU.ActiveCfg = Debug|Any CPU
		{3A867A58-89FE-8CEB-5810-8DCAA024A06E}.Debug|Any CPU.Build.0 = Debug|Any CPU
		{3A867A58-89FE-8CEB-5810-8DCAA024A06E}.Release|Any CPU.ActiveCfg = Release|Any CPU
		{3A867A58-89FE-8CEB-5810-8DCAA024A06E}.Release|Any CPU.Build.0 = Release|Any CPU
	EndGlobalSection
	GlobalSection(SolutionProperties) = preSolution
		HideSolutionNode = FALSE
	EndGlobalSection
	GlobalSection(ExtensibilityGlobals) = postSolution
		SolutionGuid = {D2F6D8BC-71CC-4999-8AAF-33538A1BEA26}
	EndGlobalSection
EndGlobal
